
Microsoft Visual Studio Solution File, Format Version 12.00
Project("{FAE04EC0-301F-11D3-BF4B-00C04F79EFBC}") = "Pokemon-Web-API", "Pokemon-Web-API\Pokemon-Web-API.csproj", "{76910536-547E-4439-8A7B-659E418F2329}"
EndProject
Project("{FAE04EC0-301F-11D3-BF4B-00C04F79EFBC}") = "Contracts", "Contracts\Contracts.csproj", "{A1A6A65D-D21E-4E34-9EAA-E1D34FECE0A4}"
EndProject
Project("{FAE04EC0-301F-11D3-BF4B-00C04F79EFBC}") = "Entities", "Entities\Entities.csproj", "{7815C0F4-9E02-47ED-B569-E868BAAFB3C9}"
EndProject
Project("{FAE04EC0-301F-11D3-BF4B-00C04F79EFBC}") = "Repository", "Repository\Repository.csproj", "{B9DCBDB0-47EE-4550-98DD-467F6F4F483E}"
EndProject
Project("{FAE04EC0-301F-11D3-BF4B-00C04F79EFBC}") = "HttpServices", "HttpServices\HttpServices.csproj", "{DE0668E3-7C5E-4C62-8CC4-71CFDC021878}"
EndProject
Global
	GlobalSection(SolutionConfigurationPlatforms) = preSolution
		Debug|Any CPU = Debug|Any CPU
		Release|Any CPU = Release|Any CPU
	EndGlobalSection
	GlobalSection(ProjectConfigurationPlatforms) = postSolution
		{76910536-547E-4439-8A7B-659E418F2329}.Debug|Any CPU.ActiveCfg = Debug|Any CPU
		{76910536-547E-4439-8A7B-659E418F2329}.Debug|Any CPU.Build.0 = Debug|Any CPU
		{76910536-547E-4439-8A7B-659E418F2329}.Release|Any CPU.ActiveCfg = Release|Any CPU
		{76910536-547E-4439-8A7B-659E418F2329}.Release|Any CPU.Build.0 = Release|Any CPU
		{A1A6A65D-D21E-4E34-9EAA-E1D34FECE0A4}.Debug|Any CPU.ActiveCfg = Debug|Any CPU
		{A1A6A65D-D21E-4E34-9EAA-E1D34FECE0A4}.Debug|Any CPU.Build.0 = Debug|Any CPU
		{A1A6A65D-D21E-4E34-9EAA-E1D34FECE0A4}.Release|Any CPU.ActiveCfg = Release|Any CPU
		{A1A6A65D-D21E-4E34-9EAA-E1D34FECE0A4}.Release|Any CPU.Build.0 = Release|Any CPU
		{7815C0F4-9E02-47ED-B569-E868BAAFB3C9}.Debug|Any CPU.ActiveCfg = Debug|Any CPU
		{7815C0F4-9E02-47ED-B569-E868BAAFB3C9}.Debug|Any CPU.Build.0 = Debug|Any CPU
		{7815C0F4-9E02-47ED-B569-E868BAAFB3C9}.Release|Any CPU.ActiveCfg = Release|Any CPU
		{7815C0F4-9E02-47ED-B569-E868BAAFB3C9}.Release|Any CPU.Build.0 = Release|Any CPU
		{B9DCBDB0-47EE-4550-98DD-467F6F4F483E}.Debug|Any CPU.ActiveCfg = Debug|Any CPU
		{B9DCBDB0-47EE-4550-98DD-467F6F4F483E}.Debug|Any CPU.Build.0 = Debug|Any CPU
		{B9DCBDB0-47EE-4550-98DD-467F6F4F483E}.Release|Any CPU.ActiveCfg = Release|Any CPU
		{B9DCBDB0-47EE-4550-98DD-467F6F4F483E}.Release|Any CPU.Build.0 = Release|Any CPU
		{DE0668E3-7C5E-4C62-8CC4-71CFDC021878}.Debug|Any CPU.ActiveCfg = Debug|Any CPU
		{DE0668E3-7C5E-4C62-8CC4-71CFDC021878}.Debug|Any CPU.Build.0 = Debug|Any CPU
		{DE0668E3-7C5E-4C62-8CC4-71CFDC021878}.Release|Any CPU.ActiveCfg = Release|Any CPU
		{DE0668E3-7C5E-4C62-8CC4-71CFDC021878}.Release|Any CPU.Build.0 = Release|Any CPU
	EndGlobalSection
EndGlobal
